
Microsoft Visual Studio Solution File, Format Version 12.00
# Visual Studio Version 17
VisualStudioVersion = 17.10.35004.147
MinimumVisualStudioVersion = 10.0.40219.1
Project("{FAE04EC0-301F-11D3-BF4B-00C04F79EFBC}") = "Greeting Machine", "Greeting Machine\Greeting Machine.csproj", "{08F0E28F-5FC4-45F9-B843-6321E930F0FD}"
EndProject
Global
	GlobalSection(SolutionConfigurationPlatforms) = preSolution
		Debug|Any CPU = Debug|Any CPU
		Release|Any CPU = Release|Any CPU
	EndGlobalSection
	GlobalSection(ProjectConfigurationPlatforms) = postSolution
		{08F0E28F-5FC4-45F9-B843-6321E930F0FD}.Debug|Any CPU.ActiveCfg = Debug|Any CPU
		{08F0E28F-5FC4-45F9-B843-6321E930F0FD}.Debug|Any CPU.Build.0 = Debug|Any CPU
		{08F0E28F-5FC4-45F9-B843-6321E930F0FD}.Release|Any CPU.ActiveCfg = Release|Any CPU
		{08F0E28F-5FC4-45F9-B843-6321E930F0FD}.Release|Any CPU.Build.0 = Release|Any CPU
	EndGlobalSection
	GlobalSection(SolutionProperties) = preSolution
		HideSolutionNode = FALSE
	EndGlobalSection
	GlobalSection(ExtensibilityGlobals) = postSolution
		SolutionGuid = {6FAA76DC-1992-4B9C-9C0A-BB689A855AAC}
	EndGlobalSection
EndGlobal
